
Microsoft Visual Studio Solution File, Format Version 12.00
# Visual Studio 15
VisualStudioVersion = 15.0.28307.489
MinimumVisualStudioVersion = 10.0.40219.1
Project("{8BC9CEB8-8B4A-11D0-8D11-00A0C91BC942}") = "RayTracer", "RayTracer\RayTracer.vcxproj", "{BB58CDF8-9C42-4083-A576-F4C49BFAB7A9}"
EndProject
Global
	GlobalSection(SolutionConfigurationPlatforms) = preSolution
		Debug|x64 = Debug|x64
		Debug|x86 = Debug|x86
		Release|x64 = Release|x64
		Release|x86 = Release|x86
	EndGlobalSection
	GlobalSection(ProjectConfigurationPlatforms) = postSolution
		{BB58CDF8-9C42-4083-A576-F4C49BFAB7A9}.Debug|x64.ActiveCfg = Debug|x64
		{BB58CDF8-9C42-4083-A576-F4C49BFAB7A9}.Debug|x64.Build.0 = Debug|x64
		{BB58CDF8-9C42-4083-A576-F4C49BFAB7A9}.Debug|x86.ActiveCfg = Debug|Win32
		{BB58CDF8-9C42-4083-A576-F4C49BFAB7A9}.Debug|x86.Build.0 = Debug|Win32
		{BB58CDF8-9C42-4083-A576-F4C49BFAB7A9}.Release|x64.ActiveCfg = Release|x64
		{BB58CDF8-9C42-4083-A576-F4C49BFAB7A9}.Release|x64.Build.0 = Release|x64
		{BB58CDF8-9C42-4083-A576-F4C49BFAB7A9}.Release|x86.ActiveCfg = Release|Win32
		{BB58CDF8-9C42-4083-A576-F4C49BFAB7A9}.Release|x86.Build.0 = Release|Win32
	EndGlobalSection
	GlobalSection(SolutionProperties) = preSolution
		HideSolutionNode = FALSE
	EndGlobalSection
	GlobalSection(ExtensibilityGlobals) = postSolution
		SolutionGuid = {92A7DCC9-2FC4-4130-A9FD-A5F09D9AF8EA}
	EndGlobalSection
EndGlobal
